
Microsoft Visual Studio Solution File, Format Version 12.00
# Visual Studio Version 16
VisualStudioVersion = 16.0.35130.168
MinimumVisualStudioVersion = 10.0.40219.1
Project("{FAE04EC0-301F-11D3-BF4B-00C04F79EFBC}") = "Fork_Addmission_System", "Fork_Addmission_System.csproj", "{89149303-B4AD-4D39-A5E2-07CB829684A7}"
EndProject
Global
	GlobalSection(SolutionConfigurationPlatforms) = preSolution
		Debug|Any CPU = Debug|Any CPU
		Release|Any CPU = Release|Any CPU
	EndGlobalSection
	GlobalSection(ProjectConfigurationPlatforms) = postSolution
		{89149303-B4AD-4D39-A5E2-07CB829684A7}.Debug|Any CPU.ActiveCfg = Debug|Any CPU
		{89149303-B4AD-4D39-A5E2-07CB829684A7}.Debug|Any CPU.Build.0 = Debug|Any CPU
		{89149303-B4AD-4D39-A5E2-07CB829684A7}.Release|Any CPU.ActiveCfg = Release|Any CPU
		{89149303-B4AD-4D39-A5E2-07CB829684A7}.Release|Any CPU.Build.0 = Release|Any CPU
	EndGlobalSection
	GlobalSection(SolutionProperties) = preSolution
		HideSolutionNode = FALSE
	EndGlobalSection
	GlobalSection(ExtensibilityGlobals) = postSolution
		SolutionGuid = {C85C176A-4A47-49FD-927C-DB532798C264}
	EndGlobalSection
EndGlobal
